
Microsoft Visual Studio Solution File, Format Version 12.00
# Visual Studio 15
VisualStudioVersion = 15.0.28307.902
MinimumVisualStudioVersion = 10.0.40219.1
Project("{FAE04EC0-301F-11D3-BF4B-00C04F79EFBC}") = "Tag_API", "Tag_API\Tag_API.csproj", "{753AD7D2-2BB5-4DCE-A9D7-216F80DD8D07}"
EndProject
Project("{FAE04EC0-301F-11D3-BF4B-00C04F79EFBC}") = "Tag_API_Test", "Tag_API_Test\Tag_API_Test.csproj", "{BB25DEF1-6BE1-4BAF-92C0-0553634E2258}"
EndProject
Global
	GlobalSection(SolutionConfigurationPlatforms) = preSolution
		Debug|Any CPU = Debug|Any CPU
		Release|Any CPU = Release|Any CPU
	EndGlobalSection
	GlobalSection(ProjectConfigurationPlatforms) = postSolution
		{753AD7D2-2BB5-4DCE-A9D7-216F80DD8D07}.Debug|Any CPU.ActiveCfg = Debug|Any CPU
		{753AD7D2-2BB5-4DCE-A9D7-216F80DD8D07}.Debug|Any CPU.Build.0 = Debug|Any CPU
		{753AD7D2-2BB5-4DCE-A9D7-216F80DD8D07}.Release|Any CPU.ActiveCfg = Release|Any CPU
		{753AD7D2-2BB5-4DCE-A9D7-216F80DD8D07}.Release|Any CPU.Build.0 = Release|Any CPU
		{BB25DEF1-6BE1-4BAF-92C0-0553634E2258}.Debug|Any CPU.ActiveCfg = Debug|Any CPU
		{BB25DEF1-6BE1-4BAF-92C0-0553634E2258}.Debug|Any CPU.Build.0 = Debug|Any CPU
		{BB25DEF1-6BE1-4BAF-92C0-0553634E2258}.Release|Any CPU.ActiveCfg = Release|Any CPU
		{BB25DEF1-6BE1-4BAF-92C0-0553634E2258}.Release|Any CPU.Build.0 = Release|Any CPU
	EndGlobalSection
	GlobalSection(SolutionProperties) = preSolution
		HideSolutionNode = FALSE
	EndGlobalSection
	GlobalSection(ExtensibilityGlobals) = postSolution
		SolutionGuid = {20F1FA26-968E-404D-B7B6-9C6C74DD97DF}
	EndGlobalSection
EndGlobal
